
Microsoft Visual Studio Solution File, Format Version 12.00
# Visual Studio Version 17
VisualStudioVersion = 17.3.32922.545
MinimumVisualStudioVersion = 10.0.40219.1
Project("{2150E333-8FDC-42A3-9474-1A3956D46DE8}") = "K8S", "K8S", "{EF75ED33-783D-4E89-BDDC-9B4E1E54E4F0}"
	ProjectSection(SolutionItems) = preProject
		commands-depl.yaml = commands-depl.yaml
		ingress-srv.yaml = ingress-srv.yaml
		local-pvc.yaml = local-pvc.yaml
		mssql-plat-depl.yaml = mssql-plat-depl.yaml
		K8S\platforms-depl.yaml = K8S\platforms-depl.yaml
		K8S\platforms-np-srv.yaml = K8S\platforms-np-srv.yaml
	EndProjectSection
EndProject
Project("{2150E333-8FDC-42A3-9474-1A3956D46DE8}") = "PlatformService", "PlatformService", "{7F492CEC-639B-41D7-9E7D-0E327317A58F}"
EndProject
Project("{9A19103F-16F7-4668-BE54-9A1E7A4F7556}") = "PlatformService", "PlatformService\PlatformService.csproj", "{D537DBB0-F37A-4722-AA4A-7454F310E761}"
EndProject
Project("{2150E333-8FDC-42A3-9474-1A3956D46DE8}") = "CommandsService", "CommandsService", "{12279C0E-4889-4856-AD78-502312192020}"
EndProject
Project("{9A19103F-16F7-4668-BE54-9A1E7A4F7556}") = "CommandsService", "CommandsService\CommandsService.csproj", "{1F4B29BC-64A2-485B-8C05-9FD33A76888E}"
EndProject
Global
	GlobalSection(SolutionConfigurationPlatforms) = preSolution
		Debug|Any CPU = Debug|Any CPU
		Release|Any CPU = Release|Any CPU
	EndGlobalSection
	GlobalSection(ProjectConfigurationPlatforms) = postSolution
		{D537DBB0-F37A-4722-AA4A-7454F310E761}.Debug|Any CPU.ActiveCfg = Debug|Any CPU
		{D537DBB0-F37A-4722-AA4A-7454F310E761}.Debug|Any CPU.Build.0 = Debug|Any CPU
		{D537DBB0-F37A-4722-AA4A-7454F310E761}.Release|Any CPU.ActiveCfg = Release|Any CPU
		{D537DBB0-F37A-4722-AA4A-7454F310E761}.Release|Any CPU.Build.0 = Release|Any CPU
		{1F4B29BC-64A2-485B-8C05-9FD33A76888E}.Debug|Any CPU.ActiveCfg = Debug|Any CPU
		{1F4B29BC-64A2-485B-8C05-9FD33A76888E}.Debug|Any CPU.Build.0 = Debug|Any CPU
		{1F4B29BC-64A2-485B-8C05-9FD33A76888E}.Release|Any CPU.ActiveCfg = Release|Any CPU
		{1F4B29BC-64A2-485B-8C05-9FD33A76888E}.Release|Any CPU.Build.0 = Release|Any CPU
	EndGlobalSection
	GlobalSection(SolutionProperties) = preSolution
		HideSolutionNode = FALSE
	EndGlobalSection
	GlobalSection(NestedProjects) = preSolution
		{D537DBB0-F37A-4722-AA4A-7454F310E761} = {7F492CEC-639B-41D7-9E7D-0E327317A58F}
		{1F4B29BC-64A2-485B-8C05-9FD33A76888E} = {12279C0E-4889-4856-AD78-502312192020}
	EndGlobalSection
	GlobalSection(ExtensibilityGlobals) = postSolution
		SolutionGuid = {7F62F7CB-AEA3-4AE6-BBFE-0BCE417F1E68}
	EndGlobalSection
EndGlobal
